
Microsoft Visual Studio Solution File, Format Version 12.00
# Visual Studio Version 16
VisualStudioVersion = 16.0.29001.49
MinimumVisualStudioVersion = 10.0.40219.1
Project("{9A19103F-16F7-4668-BE54-9A1E7A4F7556}") = "TrackerLibrary", "TrackerLibrary\TrackerLibrary.csproj", "{DF962E89-3B21-432B-9352-E9A20F74B4B4}"
EndProject
Project("{FAE04EC0-301F-11D3-BF4B-00C04F79EFBC}") = "TrackerUI", "TrackerUI\TrackerUI.csproj", "{4F55E312-0BDE-41AA-8D60-B27ECB315B51}"
EndProject
Global
	GlobalSection(SolutionConfigurationPlatforms) = preSolution
		Debug|Any CPU = Debug|Any CPU
		Release|Any CPU = Release|Any CPU
	EndGlobalSection
	GlobalSection(ProjectConfigurationPlatforms) = postSolution
		{DF962E89-3B21-432B-9352-E9A20F74B4B4}.Debug|Any CPU.ActiveCfg = Debug|Any CPU
		{DF962E89-3B21-432B-9352-E9A20F74B4B4}.Debug|Any CPU.Build.0 = Debug|Any CPU
		{DF962E89-3B21-432B-9352-E9A20F74B4B4}.Release|Any CPU.ActiveCfg = Release|Any CPU
		{DF962E89-3B21-432B-9352-E9A20F74B4B4}.Release|Any CPU.Build.0 = Release|Any CPU
		{4F55E312-0BDE-41AA-8D60-B27ECB315B51}.Debug|Any CPU.ActiveCfg = Debug|Any CPU
		{4F55E312-0BDE-41AA-8D60-B27ECB315B51}.Debug|Any CPU.Build.0 = Debug|Any CPU
		{4F55E312-0BDE-41AA-8D60-B27ECB315B51}.Release|Any CPU.ActiveCfg = Release|Any CPU
		{4F55E312-0BDE-41AA-8D60-B27ECB315B51}.Release|Any CPU.Build.0 = Release|Any CPU
	EndGlobalSection
	GlobalSection(SolutionProperties) = preSolution
		HideSolutionNode = FALSE
	EndGlobalSection
	GlobalSection(ExtensibilityGlobals) = postSolution
		SolutionGuid = {2766F100-32AB-4479-ABFC-6EF4D2DAF287}
	EndGlobalSection
EndGlobal
